<?xml version="1.0" encoding="utf-8"?>
<Project ToolsVersion="4.0" xmlns="http://schemas.microsoft.com/developer/msbuild/2003">
  <ItemGroup>
    <Filter Include="소스 파일">
      <UniqueIdentifier>{4FC737F1-C7A5-4376-A066-2A32D752A2FF}</UniqueIdentifier>
      <Extensions>cpp;c;cc;cxx;c++;def;odl;idl;hpj;bat;asm;asmx</Extensions>
    </Filter>
    <Filter Include="헤더 파일">
      <UniqueIdentifier>{93995380-89BD-4b04-88EB-625FBE52EBFB}</UniqueIdentifier>
      <Extensions>h;hh;hpp;hxx;h++;hm;inl;inc;ipp;xsd</Extensions>
    </Filter>
    <Filter Include="리소스 파일">
      <UniqueIdentifier>{67DA6AB6-F800-4c08-8B7A-83BB121AAD01}</UniqueIdentifier>
      <Extensions>rc;ico;cur;bmp;dlg;rc2;rct;bin;rgs;gif;jpg;jpeg;jpe;resx;tiff;tif;png;wav;mfcribbon-ms</Extensions>
    </Filter>
    <Filter Include="소스 파일\NewFilter1">
      <UniqueIdentifier>{499cbe42-c4eb-41ee-b498-e7d91ee5ed86}</UniqueIdentifier>
    </Filter>
    <Filter Include="소스 파일\NewFilter2">
      <UniqueIdentifier>{3b6fa684-3eff-4763-b034-1e335f34ba7f}</UniqueIdentifier>
    </Filter>
    <Filter Include="소스 파일\NewFilter3">
      <UniqueIdentifier>{a481489c-706a-4214-9cbd-1679fd7d4a33}</UniqueIdentifier>
    </Filter>
    <Filter Include="소스 파일\NewFilter4">
      <UniqueIdentifier>{5aff049d-bbbd-4ca9-8eb9-a1263602c2a6}</UniqueIdentifier>
    </Filter>
    <Filter Include="소스 파일\NewFilter5">
      <UniqueIdentifier>{6f96deab-172d-4939-afc8-f27dcc2281e0}</UniqueIdentifier>
    </Filter>
    <Filter Include="소스 파일\삼성SW2021하반기">
      <UniqueIdentifier>{b159c8d6-1f8f-4cf3-bfaf-472e2546a386}</UniqueIdentifier>
    </Filter>
    <Filter Include="소스 파일\2022RE">
      <UniqueIdentifier>{edde8395-7758-4ebb-beda-e026aecc59b0}</UniqueIdentifier>
    </Filter>
  </ItemGroup>
  <ItemGroup>
    <ClCompile Include="로또.cpp">
      <Filter>소스 파일</Filter>
    </ClCompile>
    <ClCompile Include="알고스팟.cpp">
      <Filter>소스 파일</Filter>
    </ClCompile>
    <ClCompile Include="랜선자르기.cpp">
      <Filter>소스 파일</Filter>
    </ClCompile>
    <ClCompile Include="문제집.cpp">
      <Filter>소스 파일</Filter>
    </ClCompile>
    <ClCompile Include="섬연결하기.cpp">
      <Filter>소스 파일</Filter>
    </ClCompile>
    <ClCompile Include="입국심사cpp.cpp">
      <Filter>소스 파일</Filter>
    </ClCompile>
    <ClCompile Include="등굣길.cpp">
      <Filter>소스 파일</Filter>
    </ClCompile>
    <ClCompile Include="배달.cpp">
      <Filter>소스 파일</Filter>
    </ClCompile>
    <ClCompile Include="단체사진찍기.cpp">
      <Filter>소스 파일</Filter>
    </ClCompile>
    <ClCompile Include="카카오프렌즈컬러링북.cpp">
      <Filter>소스 파일</Filter>
    </ClCompile>
    <ClCompile Include="큐.cpp">
      <Filter>소스 파일</Filter>
    </ClCompile>
    <ClCompile Include="촌수계산.cpp">
      <Filter>소스 파일</Filter>
    </ClCompile>
    <ClCompile Include="토미토.cpp">
      <Filter>소스 파일</Filter>
    </ClCompile>
    <ClCompile Include="오픈채팅방.cpp">
      <Filter>소스 파일</Filter>
    </ClCompile>
    <ClCompile Include="안전영역.cpp">
      <Filter>소스 파일</Filter>
    </ClCompile>
    <ClCompile Include="빙산.cpp">
      <Filter>소스 파일</Filter>
    </ClCompile>
    <ClCompile Include="맥주마시면서걷기.cpp">
      <Filter>소스 파일</Filter>
    </ClCompile>
    <ClCompile Include="추석트래픽.cpp">
      <Filter>소스 파일</Filter>
    </ClCompile>
    <ClCompile Include="가장긴증가하는부분수열.cpp">
      <Filter>소스 파일</Filter>
    </ClCompile>
    <ClCompile Include="최장공통부분수열.cpp">
      <Filter>소스 파일</Filter>
    </ClCompile>
    <ClCompile Include="랜선자르기Re.cpp">
      <Filter>소스 파일</Filter>
    </ClCompile>
    <ClCompile Include="나무자르기.cpp">
      <Filter>소스 파일</Filter>
    </ClCompile>
    <ClCompile Include="괄호변환.cpp">
      <Filter>소스 파일</Filter>
    </ClCompile>
    <ClCompile Include="숫자카드.cpp">
      <Filter>소스 파일</Filter>
    </ClCompile>
    <ClCompile Include="숫자카드2.cpp">
      <Filter>소스 파일</Filter>
    </ClCompile>
    <ClCompile Include="공유기설치.cpp">
      <Filter>소스 파일</Filter>
    </ClCompile>
    <ClCompile Include="중량제한.cpp">
      <Filter>소스 파일</Filter>
    </ClCompile>
    <ClCompile Include="실패율.cpp">
      <Filter>소스 파일</Filter>
    </ClCompile>
    <ClCompile Include="상어초등학교.cpp">
      <Filter>소스 파일</Filter>
    </ClCompile>
    <ClCompile Include="상어중학교.cpp">
      <Filter>소스 파일</Filter>
    </ClCompile>
    <ClCompile Include="상어중학교answer.cpp">
      <Filter>소스 파일</Filter>
    </ClCompile>
    <ClCompile Include="마법사 상어와 비바라기.cpp">
      <Filter>소스 파일</Filter>
    </ClCompile>
    <ClCompile Include="마법사 상어와 비바리기Re.cpp">
      <Filter>소스 파일</Filter>
    </ClCompile>
    <ClCompile Include="마법사 상어와 블리자드.cpp">
      <Filter>소스 파일</Filter>
    </ClCompile>
    <ClCompile Include="수식최대화.cpp">
      <Filter>소스 파일</Filter>
    </ClCompile>
    <ClCompile Include="순위검색.cpp">
      <Filter>소스 파일</Filter>
    </ClCompile>
    <ClCompile Include="중량제한RE.cpp">
      <Filter>소스 파일</Filter>
    </ClCompile>
    <ClCompile Include="가장긴증가하는부분수열RE.cpp">
      <Filter>소스 파일</Filter>
    </ClCompile>
    <ClCompile Include="오픈채팅방RE.cpp">
      <Filter>소스 파일</Filter>
    </ClCompile>
    <ClCompile Include="신규아이이추천RE.cpp">
      <Filter>소스 파일</Filter>
    </ClCompile>
    <ClCompile Include="거리두기확인RE.cpp">
      <Filter>소스 파일</Filter>
    </ClCompile>
    <ClCompile Include="괄호변환RE.cpp">
      <Filter>소스 파일</Filter>
    </ClCompile>
    <ClCompile Include="실패율RE.cpp">
      <Filter>소스 파일</Filter>
    </ClCompile>
    <ClCompile Include="문자열압출RE.cpp">
      <Filter>소스 파일</Filter>
    </ClCompile>
    <ClCompile Include="메뉴리뉴얼RE.cpp">
      <Filter>소스 파일</Filter>
    </ClCompile>
    <ClCompile Include="텀프로젝트RE.cpp">
      <Filter>소스 파일</Filter>
    </ClCompile>
    <ClCompile Include="토마토RE.cpp">
      <Filter>소스 파일</Filter>
    </ClCompile>
    <ClCompile Include="미로탐색.cpp">
      <Filter>소스 파일</Filter>
    </ClCompile>
    <ClCompile Include="외판원순회2.cpp">
      <Filter>소스 파일</Filter>
    </ClCompile>
    <ClCompile Include="수들의합2RE.cpp">
      <Filter>소스 파일</Filter>
    </ClCompile>
    <ClCompile Include="로또RE.cpp">
      <Filter>소스 파일</Filter>
    </ClCompile>
    <ClCompile Include="알고스팟RE.cpp">
      <Filter>소스 파일</Filter>
    </ClCompile>
    <ClCompile Include="랜선자르기re2.cpp">
      <Filter>소스 파일</Filter>
    </ClCompile>
    <ClCompile Include="문제집RE.cpp">
      <Filter>소스 파일</Filter>
    </ClCompile>
    <ClCompile Include="조합.cpp">
      <Filter>소스 파일</Filter>
    </ClCompile>
    <ClCompile Include="순열.cpp">
      <Filter>소스 파일</Filter>
    </ClCompile>
    <ClCompile Include="중복조합.cpp">
      <Filter>소스 파일</Filter>
    </ClCompile>
    <ClCompile Include="중복순열.cpp">
      <Filter>소스 파일</Filter>
    </ClCompile>
    <ClCompile Include="순서검색RE.cpp">
      <Filter>소스 파일</Filter>
    </ClCompile>
    <ClCompile Include="수식최대화RE.cpp">
      <Filter>소스 파일</Filter>
    </ClCompile>
    <ClCompile Include="string연산자연습.cpp">
      <Filter>소스 파일</Filter>
    </ClCompile>
    <ClCompile Include="인구이동.cpp">
      <Filter>소스 파일\NewFilter1</Filter>
    </ClCompile>
    <ClCompile Include="나무재테크.cpp">
      <Filter>소스 파일\NewFilter1</Filter>
    </ClCompile>
    <ClCompile Include="낚시왕.cpp">
      <Filter>소스 파일\NewFilter1</Filter>
    </ClCompile>
    <ClCompile Include="연습1.cpp">
      <Filter>소스 파일\NewFilter2</Filter>
    </ClCompile>
    <ClCompile Include="회문.cpp">
      <Filter>소스 파일\NewFilter2</Filter>
    </ClCompile>
    <ClCompile Include="거스름돈.cpp">
      <Filter>소스 파일\NewFilter2</Filter>
    </ClCompile>
    <ClCompile Include="문서검색.cpp">
      <Filter>소스 파일\NewFilter2</Filter>
    </ClCompile>
    <ClCompile Include="색종이 만들기.cpp">
      <Filter>소스 파일\NewFilter2</Filter>
    </ClCompile>
    <ClCompile Include="부녀회장이될테야.cpp">
      <Filter>소스 파일\NewFilter2</Filter>
    </ClCompile>
    <ClCompile Include="수열.cpp">
      <Filter>소스 파일\NewFilter2</Filter>
    </ClCompile>
    <ClCompile Include="선긋기.cpp">
      <Filter>소스 파일\NewFilter2</Filter>
    </ClCompile>
    <ClCompile Include="연속합2.cpp">
      <Filter>소스 파일\NewFilter2</Filter>
    </ClCompile>
    <ClCompile Include="떡먹는호랑이.cpp">
      <Filter>소스 파일\NewFilter2</Filter>
    </ClCompile>
    <ClCompile Include="방배정하기.cpp">
      <Filter>소스 파일\NewFilter2</Filter>
    </ClCompile>
    <ClCompile Include="외판원순회2RERE.cpp">
      <Filter>소스 파일\NewFilter2</Filter>
    </ClCompile>
    <ClCompile Include="알고스팟RERE.cpp">
      <Filter>소스 파일\NewFilter2</Filter>
    </ClCompile>
    <ClCompile Include="롯정3번.cpp">
      <Filter>소스 파일\NewFilter2</Filter>
    </ClCompile>
    <ClCompile Include="롯정2유사_추석트래픽.cpp">
      <Filter>소스 파일\NewFilter2</Filter>
    </ClCompile>
    <ClCompile Include="타일창작물.cpp">
      <Filter>소스 파일\NewFilter3</Filter>
    </ClCompile>
    <ClCompile Include="BABBA.cpp">
      <Filter>소스 파일\NewFilter3</Filter>
    </ClCompile>
    <ClCompile Include="디스크컨트롤러.cpp">
      <Filter>소스 파일\NewFilter3</Filter>
    </ClCompile>
    <ClCompile Include="소소찾기.cpp">
      <Filter>소스 파일\NewFilter3</Filter>
    </ClCompile>
    <ClCompile Include="전력난.cpp">
      <Filter>소스 파일\NewFilter3</Filter>
    </ClCompile>
    <ClCompile Include="연산자끼워넣기.cpp">
      <Filter>소스 파일\NewFilter3</Filter>
    </ClCompile>
    <ClCompile Include="타겟넘버.cpp">
      <Filter>소스 파일\NewFilter3</Filter>
    </ClCompile>
    <ClCompile Include="구명보트.cpp">
      <Filter>소스 파일\NewFilter3</Filter>
    </ClCompile>
    <ClCompile Include="섬연결하기REre.cpp">
      <Filter>소스 파일\NewFilter3</Filter>
    </ClCompile>
    <ClCompile Include="N으로표현.cpp">
      <Filter>소스 파일\NewFilter3</Filter>
    </ClCompile>
    <ClCompile Include="RE_n으로표현.cpp">
      <Filter>소스 파일\NewFilter4</Filter>
    </ClCompile>
    <ClCompile Include="re단속카메라.cpp">
      <Filter>소스 파일\NewFilter4</Filter>
    </ClCompile>
    <ClCompile Include="re큰수만들기.cpp">
      <Filter>소스 파일\NewFilter4</Filter>
    </ClCompile>
    <ClCompile Include="re구명보트.cpp">
      <Filter>소스 파일\NewFilter4</Filter>
    </ClCompile>
    <ClCompile Include="re입국심사.cpp">
      <Filter>소스 파일\NewFilter4</Filter>
    </ClCompile>
    <ClCompile Include="re가장먼노드.cpp">
      <Filter>소스 파일\NewFilter4</Filter>
    </ClCompile>
    <ClCompile Include="re타켓넘버.cpp">
      <Filter>소스 파일\NewFilter4</Filter>
    </ClCompile>
    <ClCompile Include="re네트워크.cpp">
      <Filter>소스 파일\NewFilter4</Filter>
    </ClCompile>
    <ClCompile Include="re단어 변환.cpp">
      <Filter>소스 파일\NewFilter4</Filter>
    </ClCompile>
    <ClCompile Include="re연산자끼워넣기.cpp">
      <Filter>소스 파일\NewFilter4</Filter>
    </ClCompile>
    <ClCompile Include="re소수찾기.cpp">
      <Filter>소스 파일\NewFilter4</Filter>
    </ClCompile>
    <ClCompile Include="re가장큰수.cpp">
      <Filter>소스 파일\NewFilter4</Filter>
    </ClCompile>
    <ClCompile Include="re디스크컨트롤러.cpp">
      <Filter>소스 파일\NewFilter4</Filter>
    </ClCompile>
    <ClCompile Include="줄세우기.cpp">
      <Filter>소스 파일\NewFilter5</Filter>
    </ClCompile>
    <ClCompile Include="수정이의타일자르기.cpp">
      <Filter>소스 파일\NewFilter5</Filter>
    </ClCompile>
    <ClCompile Include="동서양의 경계.cpp">
      <Filter>소스 파일\NewFilter5</Filter>
    </ClCompile>
    <ClCompile Include="초등학생.cpp">
      <Filter>소스 파일\NewFilter5</Filter>
    </ClCompile>
    <ClCompile Include="Re초등학생.cpp">
      <Filter>소스 파일\NewFilter5</Filter>
    </ClCompile>
    <ClCompile Include="스택장인.cpp">
      <Filter>소스 파일\NewFilter5</Filter>
    </ClCompile>
    <ClCompile Include="마라톤.cpp">
      <Filter>소스 파일\NewFilter5</Filter>
    </ClCompile>
    <ClCompile Include="옥희의OK!부동산.cpp">
      <Filter>소스 파일\NewFilter5</Filter>
    </ClCompile>
    <ClCompile Include="촛불 이벤트.cpp">
      <Filter>소스 파일\NewFilter5</Filter>
    </ClCompile>
    <ClCompile Include="밍이의 블록게임.cpp">
      <Filter>소스 파일\NewFilter5</Filter>
    </ClCompile>
    <ClCompile Include="나무 깎는 홍준.cpp">
      <Filter>소스 파일\NewFilter5</Filter>
    </ClCompile>
    <ClCompile Include="배열의 분할.cpp">
      <Filter>소스 파일\NewFilter5</Filter>
    </ClCompile>
    <ClCompile Include="RERE초등학생.cpp">
      <Filter>소스 파일\NewFilter5</Filter>
    </ClCompile>
    <ClCompile Include="트리 흑백 색칠.cpp">
      <Filter>소스 파일\NewFilter5</Filter>
    </ClCompile>
    <ClCompile Include="test.cpp">
      <Filter>소스 파일\NewFilter5</Filter>
    </ClCompile>
    <ClCompile Include="Q1어항정리.cpp">
      <Filter>소스 파일\삼성SW2021하반기</Filter>
    </ClCompile>
    <ClCompile Include="Q2마법사 상어와 복제.cpp">
      <Filter>소스 파일\삼성SW2021하반기</Filter>
    </ClCompile>
    <ClCompile Include="Q온풍기안녕.cpp">
      <Filter>소스 파일\삼성SW2021하반기</Filter>
    </ClCompile>
    <ClCompile Include="2022_나무재테크.cpp">
      <Filter>소스 파일\2022RE</Filter>
    </ClCompile>
    <ClCompile Include="2022_낚시왕.cpp">
      <Filter>소스 파일\2022RE</Filter>
    </ClCompile>
    <ClCompile Include="2022_인구이동.cpp">
      <Filter>소스 파일\2022RE</Filter>
    </ClCompile>
    <ClCompile Include="2022_거스름돈.cpp">
      <Filter>소스 파일\2022RE</Filter>
    </ClCompile>
    <ClCompile Include="2022_떡먹는호랑이.cpp">
      <Filter>소스 파일\2022RE</Filter>
    </ClCompile>
    <ClCompile Include="2022_문서검색.cpp">
      <Filter>소스 파일\2022RE</Filter>
    </ClCompile>
    <ClCompile Include="2022_방배정하기cpp.cpp">
      <Filter>소스 파일\2022RE</Filter>
    </ClCompile>
    <ClCompile Include="2022_부녀회장이될테야.cpp">
      <Filter>소스 파일\2022RE</Filter>
    </ClCompile>
    <ClCompile Include="2022_색종이만들기.cpp">
      <Filter>소스 파일\2022RE</Filter>
    </ClCompile>
    <ClCompile Include="2022_아기상어.cpp">
      <Filter>소스 파일\2022RE</Filter>
    </ClCompile>
    <ClCompile Include="2022_수열.cpp">
      <Filter>소스 파일\2022RE</Filter>
    </ClCompile>
    <ClCompile Include="2022_선긋기.cpp">
      <Filter>소스 파일\2022RE</Filter>
    </ClCompile>
    <ClCompile Include="2022_미세먼지 안녕!.cpp">
      <Filter>소스 파일\2022RE</Filter>
    </ClCompile>
    <ClCompile Include="2022_이차원배열과연산.cpp">
      <Filter>소스 파일\2022RE</Filter>
    </ClCompile>
    <ClCompile Include="2022_알고스팟.cpp">
      <Filter>소스 파일\2022RE</Filter>
    </ClCompile>
    <ClCompile Include="2022_연속합2.cpp">
      <Filter>소스 파일\2022RE</Filter>
    </ClCompile>
    <ClCompile Include="2022_연구소3.cpp">
      <Filter>소스 파일\2022RE</Filter>
    </ClCompile>
    <ClCompile Include="2022_외판원순회2.cpp">
      <Filter>소스 파일\2022RE</Filter>
    </ClCompile>
    <ClCompile Include="2022_회문.cpp">
      <Filter>소스 파일\2022RE</Filter>
    </ClCompile>
    <ClCompile Include="2022_청소년상어.cpp">
      <Filter>소스 파일\2022RE</Filter>
    </ClCompile>
    <ClCompile Include="2022_어른상어.cpp">
      <Filter>소스 파일\2022RE</Filter>
    </ClCompile>
    <ClCompile Include="2022_구명보트.cpp">
      <Filter>소스 파일\2022RE</Filter>
    </ClCompile>
    <ClCompile Include="2022_네트워크.cpp">
      <Filter>소스 파일\2022RE</Filter>
    </ClCompile>
    <ClCompile Include="2022_스타트택시.cpp">
      <Filter>소스 파일\2022RE</Filter>
    </ClCompile>
    <ClCompile Include="2022_단속카메라.cpp">
      <Filter>소스 파일\2022RE</Filter>
    </ClCompile>
    <ClCompile Include="2022_단어변환.cpp">
      <Filter>소스 파일\2022RE</Filter>
    </ClCompile>
  </ItemGroup>
  <ItemGroup>
    <Text Include="input.txt">
      <Filter>리소스 파일</Filter>
    </Text>
  </ItemGroup>
</Project>